
Microsoft Visual Studio Solution File, Format Version 12.00
# Visual Studio Version 16
VisualStudioVersion = 16.0.30204.135
MinimumVisualStudioVersion = 10.0.40219.1
Project("{FAE04EC0-301F-11D3-BF4B-00C04F79EFBC}") = "MyProject01", "MyProject01\MyProject01.csproj", "{1542F690-CEC4-49F3-AE7B-CEBF1DF3C733}"
EndProject
Global
	GlobalSection(SolutionConfigurationPlatforms) = preSolution
		Debug|Any CPU = Debug|Any CPU
		Release|Any CPU = Release|Any CPU
	EndGlobalSection
	GlobalSection(ProjectConfigurationPlatforms) = postSolution
		{1542F690-CEC4-49F3-AE7B-CEBF1DF3C733}.Debug|Any CPU.ActiveCfg = Debug|Any CPU
		{1542F690-CEC4-49F3-AE7B-CEBF1DF3C733}.Debug|Any CPU.Build.0 = Debug|Any CPU
		{1542F690-CEC4-49F3-AE7B-CEBF1DF3C733}.Release|Any CPU.ActiveCfg = Release|Any CPU
		{1542F690-CEC4-49F3-AE7B-CEBF1DF3C733}.Release|Any CPU.Build.0 = Release|Any CPU
	EndGlobalSection
	GlobalSection(SolutionProperties) = preSolution
		HideSolutionNode = FALSE
	EndGlobalSection
	GlobalSection(ExtensibilityGlobals) = postSolution
		SolutionGuid = {83F4E354-E89E-4FCC-B7EB-17FF09615ADB}
	EndGlobalSection
EndGlobal
